
Microsoft Visual Studio Solution File, Format Version 12.00
# Visual Studio Version 17
VisualStudioVersion = 17.14.36414.22
MinimumVisualStudioVersion = 10.0.40219.1
Project("{8BC9CEB8-8B4A-11D0-8D11-00A0C91BC942}") = "HolaMundo", "HolaMundo\HolaMundo.vcxproj", "{FC20464E-A64F-488A-91CD-3AC9B214046C}"
EndProject
Project("{8BC9CEB8-8B4A-11D0-8D11-00A0C91BC942}") = "Application", "Application\Application.vcxproj", "{4AF53AD9-3DF4-4068-A4F1-405E543EDEA5}"
EndProject
Project("{8BC9CEB8-8B4A-11D0-8D11-00A0C91BC942}") = "DirectX_12", "DirectX_12\DirectX_2.vcxproj", "{FCFFEC48-1A6E-460A-96EF-B341FFA57993}"
EndProject
Project("{8BC9CEB8-8B4A-11D0-8D11-00A0C91BC942}") = "DirectX12Application", "DirectX12Application\DirectX12Application.vcxproj", "{2B7D0726-60F5-4D01-BD85-030BFC11A4CB}"
EndProject
Project("{8BC9CEB8-8B4A-11D0-8D11-00A0C91BC942}") = "DirectXApplication", "DirectXApplication\DirectXApplication.vcxproj", "{A9442124-313A-4420-BF73-875172878C59}"
EndProject
Project("{8BC9CEB8-8B4A-11D0-8D11-00A0C91BC942}") = "DXModel", "DXModel\DirectX12Triangle.vcxproj", "{63C767C1-2F86-4E6D-BF09-5C684BA9A217}"
EndProject
Project("{8BC9CEB8-8B4A-11D0-8D11-00A0C91BC942}") = "DXModelReader", "DXModelReader\DXModelReader.vcxproj", "{F16C06B8-3284-4BC8-9446-322729A98012}"
EndProject
Global
	GlobalSection(SolutionConfigurationPlatforms) = preSolution
		Debug|x64 = Debug|x64
		Debug|x86 = Debug|x86
		Release|x64 = Release|x64
		Release|x86 = Release|x86
	EndGlobalSection
	GlobalSection(ProjectConfigurationPlatforms) = postSolution
		{FC20464E-A64F-488A-91CD-3AC9B214046C}.Debug|x64.ActiveCfg = Debug|x64
		{FC20464E-A64F-488A-91CD-3AC9B214046C}.Debug|x64.Build.0 = Debug|x64
		{FC20464E-A64F-488A-91CD-3AC9B214046C}.Debug|x86.ActiveCfg = Debug|Win32
		{FC20464E-A64F-488A-91CD-3AC9B214046C}.Debug|x86.Build.0 = Debug|Win32
		{FC20464E-A64F-488A-91CD-3AC9B214046C}.Release|x64.ActiveCfg = Release|x64
		{FC20464E-A64F-488A-91CD-3AC9B214046C}.Release|x64.Build.0 = Release|x64
		{FC20464E-A64F-488A-91CD-3AC9B214046C}.Release|x86.ActiveCfg = Release|Win32
		{FC20464E-A64F-488A-91CD-3AC9B214046C}.Release|x86.Build.0 = Release|Win32
		{4AF53AD9-3DF4-4068-A4F1-405E543EDEA5}.Debug|x64.ActiveCfg = Debug|x64
		{4AF53AD9-3DF4-4068-A4F1-405E543EDEA5}.Debug|x64.Build.0 = Debug|x64
		{4AF53AD9-3DF4-4068-A4F1-405E543EDEA5}.Debug|x86.ActiveCfg = Debug|Win32
		{4AF53AD9-3DF4-4068-A4F1-405E543EDEA5}.Debug|x86.Build.0 = Debug|Win32
		{4AF53AD9-3DF4-4068-A4F1-405E543EDEA5}.Release|x64.ActiveCfg = Release|x64
		{4AF53AD9-3DF4-4068-A4F1-405E543EDEA5}.Release|x64.Build.0 = Release|x64
		{4AF53AD9-3DF4-4068-A4F1-405E543EDEA5}.Release|x86.ActiveCfg = Release|Win32
		{4AF53AD9-3DF4-4068-A4F1-405E543EDEA5}.Release|x86.Build.0 = Release|Win32
		{FCFFEC48-1A6E-460A-96EF-B341FFA57993}.Debug|x64.ActiveCfg = Debug|x64
		{FCFFEC48-1A6E-460A-96EF-B341FFA57993}.Debug|x64.Build.0 = Debug|x64
		{FCFFEC48-1A6E-460A-96EF-B341FFA57993}.Debug|x86.ActiveCfg = Debug|Win32
		{FCFFEC48-1A6E-460A-96EF-B341FFA57993}.Debug|x86.Build.0 = Debug|Win32
		{FCFFEC48-1A6E-460A-96EF-B341FFA57993}.Release|x64.ActiveCfg = Release|x64
		{FCFFEC48-1A6E-460A-96EF-B341FFA57993}.Release|x64.Build.0 = Release|x64
		{FCFFEC48-1A6E-460A-96EF-B341FFA57993}.Release|x86.ActiveCfg = Release|Win32
		{FCFFEC48-1A6E-460A-96EF-B341FFA57993}.Release|x86.Build.0 = Release|Win32
		{2B7D0726-60F5-4D01-BD85-030BFC11A4CB}.Debug|x64.ActiveCfg = Debug|x64
		{2B7D0726-60F5-4D01-BD85-030BFC11A4CB}.Debug|x64.Build.0 = Debug|x64
		{2B7D0726-60F5-4D01-BD85-030BFC11A4CB}.Debug|x86.ActiveCfg = Debug|Win32
		{2B7D0726-60F5-4D01-BD85-030BFC11A4CB}.Debug|x86.Build.0 = Debug|Win32
		{2B7D0726-60F5-4D01-BD85-030BFC11A4CB}.Release|x64.ActiveCfg = Release|x64
		{2B7D0726-60F5-4D01-BD85-030BFC11A4CB}.Release|x64.Build.0 = Release|x64
		{2B7D0726-60F5-4D01-BD85-030BFC11A4CB}.Release|x86.ActiveCfg = Release|Win32
		{2B7D0726-60F5-4D01-BD85-030BFC11A4CB}.Release|x86.Build.0 = Release|Win32
		{A9442124-313A-4420-BF73-875172878C59}.Debug|x64.ActiveCfg = Debug|x64
		{A9442124-313A-4420-BF73-875172878C59}.Debug|x64.Build.0 = Debug|x64
		{A9442124-313A-4420-BF73-875172878C59}.Debug|x86.ActiveCfg = Debug|Win32
		{A9442124-313A-4420-BF73-875172878C59}.Debug|x86.Build.0 = Debug|Win32
		{A9442124-313A-4420-BF73-875172878C59}.Release|x64.ActiveCfg = Release|x64
		{A9442124-313A-4420-BF73-875172878C59}.Release|x64.Build.0 = Release|x64
		{A9442124-313A-4420-BF73-875172878C59}.Release|x86.ActiveCfg = Release|Win32
		{A9442124-313A-4420-BF73-875172878C59}.Release|x86.Build.0 = Release|Win32
		{63C767C1-2F86-4E6D-BF09-5C684BA9A217}.Debug|x64.ActiveCfg = Debug|x64
		{63C767C1-2F86-4E6D-BF09-5C684BA9A217}.Debug|x64.Build.0 = Debug|x64
		{63C767C1-2F86-4E6D-BF09-5C684BA9A217}.Debug|x86.ActiveCfg = Debug|Win32
		{63C767C1-2F86-4E6D-BF09-5C684BA9A217}.Debug|x86.Build.0 = Debug|Win32
		{63C767C1-2F86-4E6D-BF09-5C684BA9A217}.Release|x64.ActiveCfg = Release|x64
		{63C767C1-2F86-4E6D-BF09-5C684BA9A217}.Release|x64.Build.0 = Release|x64
		{63C767C1-2F86-4E6D-BF09-5C684BA9A217}.Release|x86.ActiveCfg = Release|Win32
		{63C767C1-2F86-4E6D-BF09-5C684BA9A217}.Release|x86.Build.0 = Release|Win32
		{F16C06B8-3284-4BC8-9446-322729A98012}.Debug|x64.ActiveCfg = Debug|x64
		{F16C06B8-3284-4BC8-9446-322729A98012}.Debug|x64.Build.0 = Debug|x64
		{F16C06B8-3284-4BC8-9446-322729A98012}.Debug|x86.ActiveCfg = Debug|Win32
		{F16C06B8-3284-4BC8-9446-322729A98012}.Debug|x86.Build.0 = Debug|Win32
		{F16C06B8-3284-4BC8-9446-322729A98012}.Release|x64.ActiveCfg = Release|x64
		{F16C06B8-3284-4BC8-9446-322729A98012}.Release|x64.Build.0 = Release|x64
		{F16C06B8-3284-4BC8-9446-322729A98012}.Release|x86.ActiveCfg = Release|Win32
		{F16C06B8-3284-4BC8-9446-322729A98012}.Release|x86.Build.0 = Release|Win32
	EndGlobalSection
	GlobalSection(SolutionProperties) = preSolution
		HideSolutionNode = FALSE
	EndGlobalSection
	GlobalSection(ExtensibilityGlobals) = postSolution
		SolutionGuid = {16FCCC1B-7D81-4317-94C2-3DE4E384347F}
	EndGlobalSection
EndGlobal
